
Microsoft Visual Studio Solution File, Format Version 12.00
# Visual Studio Version 16
VisualStudioVersion = 16.0.31019.35
MinimumVisualStudioVersion = 10.0.40219.1
Project("{FAE04EC0-301F-11D3-BF4B-00C04F79EFBC}") = "WinIPTVApp", "WinIPTVApp\WinIPTVApp.csproj", "{66DCACD1-6487-4C28-B737-8980EA50C013}"
EndProject
Global
	GlobalSection(SolutionConfigurationPlatforms) = preSolution
		Debug|Any CPU = Debug|Any CPU
		Release|Any CPU = Release|Any CPU
	EndGlobalSection
	GlobalSection(ProjectConfigurationPlatforms) = postSolution
		{66DCACD1-6487-4C28-B737-8980EA50C013}.Debug|Any CPU.ActiveCfg = Debug|Any CPU
		{66DCACD1-6487-4C28-B737-8980EA50C013}.Debug|Any CPU.Build.0 = Debug|Any CPU
		{66DCACD1-6487-4C28-B737-8980EA50C013}.Release|Any CPU.ActiveCfg = Release|Any CPU
		{66DCACD1-6487-4C28-B737-8980EA50C013}.Release|Any CPU.Build.0 = Release|Any CPU
	EndGlobalSection
	GlobalSection(SolutionProperties) = preSolution
		HideSolutionNode = FALSE
	EndGlobalSection
	GlobalSection(ExtensibilityGlobals) = postSolution
		SolutionGuid = {33F7E3B6-B9A9-4018-8B91-24EBCDB2BBCE}
	EndGlobalSection
EndGlobal
